
Microsoft Visual Studio Solution File, Format Version 12.00
# Visual Studio Version 17
VisualStudioVersion = 17.0.31903.59
MinimumVisualStudioVersion = 10.0.40219.1
Project("{2150E333-8FDC-42A3-9474-1A3956D46DE8}") = "Engine", "Engine", "{6EDB64D6-1011-4D17-BAEC-6184FEC36D32}"
EndProject
Project("{2150E333-8FDC-42A3-9474-1A3956D46DE8}") = "Game", "Game", "{A0A419CA-9BE1-4D61-A82C-E1C159CE8C47}"
EndProject
Project("{FAE04EC0-301F-11D3-BF4B-00C04F79EFBC}") = "MakotoStudioEngine", "MakotoStudioEngine\MakotoStudioEngine.csproj", "{8AC1FA22-3D7B-42D4-90F7-9E69800F852B}"
EndProject
Project("{FAE04EC0-301F-11D3-BF4B-00C04F79EFBC}") = "SAE.GPR5300.S1", "SAE.GPR5300.S1\SAE.GPR5300.S1.csproj", "{66697AFF-D185-4F7E-87B6-586B0A95DCCC}"
EndProject
Global
	GlobalSection(SolutionConfigurationPlatforms) = preSolution
		Debug|Any CPU = Debug|Any CPU
		Release|Any CPU = Release|Any CPU
	EndGlobalSection
	GlobalSection(SolutionProperties) = preSolution
		HideSolutionNode = FALSE
	EndGlobalSection
	GlobalSection(NestedProjects) = preSolution
		{8AC1FA22-3D7B-42D4-90F7-9E69800F852B} = {6EDB64D6-1011-4D17-BAEC-6184FEC36D32}
		{66697AFF-D185-4F7E-87B6-586B0A95DCCC} = {A0A419CA-9BE1-4D61-A82C-E1C159CE8C47}
	EndGlobalSection
	GlobalSection(ProjectConfigurationPlatforms) = postSolution
		{8AC1FA22-3D7B-42D4-90F7-9E69800F852B}.Debug|Any CPU.ActiveCfg = Debug|Any CPU
		{8AC1FA22-3D7B-42D4-90F7-9E69800F852B}.Debug|Any CPU.Build.0 = Debug|Any CPU
		{8AC1FA22-3D7B-42D4-90F7-9E69800F852B}.Release|Any CPU.ActiveCfg = Release|Any CPU
		{8AC1FA22-3D7B-42D4-90F7-9E69800F852B}.Release|Any CPU.Build.0 = Release|Any CPU
		{66697AFF-D185-4F7E-87B6-586B0A95DCCC}.Debug|Any CPU.ActiveCfg = Debug|Any CPU
		{66697AFF-D185-4F7E-87B6-586B0A95DCCC}.Debug|Any CPU.Build.0 = Debug|Any CPU
		{66697AFF-D185-4F7E-87B6-586B0A95DCCC}.Release|Any CPU.ActiveCfg = Release|Any CPU
		{66697AFF-D185-4F7E-87B6-586B0A95DCCC}.Release|Any CPU.Build.0 = Release|Any CPU
	EndGlobalSection
EndGlobal
